
Microsoft Visual Studio Solution File, Format Version 12.00
# Visual Studio Version 16
VisualStudioVersion = 16.0.30114.105
MinimumVisualStudioVersion = 10.0.40219.1
Project("{FAE04EC0-301F-11D3-BF4B-00C04F79EFBC}") = "Modelo", "Modelo\Modelo.csproj", "{9B1FA6FA-E8C4-4006-A336-55F774A41C37}"
EndProject
Project("{FAE04EC0-301F-11D3-BF4B-00C04F79EFBC}") = "ModeloTest", "ModeloTest\ModeloTest.csproj", "{5A98CACC-3CBA-4712-9F5F-90A75675F930}"
EndProject
Project("{FAE04EC0-301F-11D3-BF4B-00C04F79EFBC}") = "WebOrderMVC", "WebOrderMVC\WebOrderMVC.csproj", "{C5430AF4-20F4-4541-AE47-FD94CF4C590A}"
EndProject
Global
	GlobalSection(SolutionConfigurationPlatforms) = preSolution
		Debug|Any CPU = Debug|Any CPU
		Release|Any CPU = Release|Any CPU
	EndGlobalSection
	GlobalSection(ProjectConfigurationPlatforms) = postSolution
		{9B1FA6FA-E8C4-4006-A336-55F774A41C37}.Debug|Any CPU.ActiveCfg = Debug|Any CPU
		{9B1FA6FA-E8C4-4006-A336-55F774A41C37}.Debug|Any CPU.Build.0 = Debug|Any CPU
		{9B1FA6FA-E8C4-4006-A336-55F774A41C37}.Release|Any CPU.ActiveCfg = Release|Any CPU
		{9B1FA6FA-E8C4-4006-A336-55F774A41C37}.Release|Any CPU.Build.0 = Release|Any CPU
		{5A98CACC-3CBA-4712-9F5F-90A75675F930}.Debug|Any CPU.ActiveCfg = Debug|Any CPU
		{5A98CACC-3CBA-4712-9F5F-90A75675F930}.Debug|Any CPU.Build.0 = Debug|Any CPU
		{5A98CACC-3CBA-4712-9F5F-90A75675F930}.Release|Any CPU.ActiveCfg = Release|Any CPU
		{5A98CACC-3CBA-4712-9F5F-90A75675F930}.Release|Any CPU.Build.0 = Release|Any CPU
		{C5430AF4-20F4-4541-AE47-FD94CF4C590A}.Debug|Any CPU.ActiveCfg = Debug|Any CPU
		{C5430AF4-20F4-4541-AE47-FD94CF4C590A}.Debug|Any CPU.Build.0 = Debug|Any CPU
		{C5430AF4-20F4-4541-AE47-FD94CF4C590A}.Release|Any CPU.ActiveCfg = Release|Any CPU
		{C5430AF4-20F4-4541-AE47-FD94CF4C590A}.Release|Any CPU.Build.0 = Release|Any CPU
	EndGlobalSection
	GlobalSection(SolutionProperties) = preSolution
		HideSolutionNode = FALSE
	EndGlobalSection
	GlobalSection(ExtensibilityGlobals) = postSolution
		SolutionGuid = {81E0BE53-ACB5-4974-AF47-E2A4EF7BBFD2}
	EndGlobalSection
EndGlobal
