
Microsoft Visual Studio Solution File, Format Version 12.00
# Visual Studio Version 16
VisualStudioVersion = 16.0.30114.105
MinimumVisualStudioVersion = 10.0.40219.1
Project("{FAE04EC0-301F-11D3-BF4B-00C04F79EFBC}") = "DestritosAPI", "DestrotosAPI\DestritosAPI.csproj", "{FB003A58-1C16-4F46-8DC3-E1E4D0E891E1}"
EndProject
Global
	GlobalSection(SolutionConfigurationPlatforms) = preSolution
		Debug|Any CPU = Debug|Any CPU
		Release|Any CPU = Release|Any CPU
	EndGlobalSection
	GlobalSection(ProjectConfigurationPlatforms) = postSolution
		{FB003A58-1C16-4F46-8DC3-E1E4D0E891E1}.Debug|Any CPU.ActiveCfg = Debug|Any CPU
		{FB003A58-1C16-4F46-8DC3-E1E4D0E891E1}.Debug|Any CPU.Build.0 = Debug|Any CPU
		{FB003A58-1C16-4F46-8DC3-E1E4D0E891E1}.Release|Any CPU.ActiveCfg = Release|Any CPU
		{FB003A58-1C16-4F46-8DC3-E1E4D0E891E1}.Release|Any CPU.Build.0 = Release|Any CPU
	EndGlobalSection
	GlobalSection(SolutionProperties) = preSolution
		HideSolutionNode = FALSE
	EndGlobalSection
	GlobalSection(ExtensibilityGlobals) = postSolution
		SolutionGuid = {AB9A00A0-B9F4-48E5-8F9E-5E5CD4A07C6E}
	EndGlobalSection
EndGlobal
